// !$*UTF8*$!
{
	archiveVersion = 1;
	classes = {
	};
	objectVersion = 48;
	objects = {

/* Begin PBXBuildFile section */
		27F2BFC41F505BE1002BDD22 /* AppDelegate.swift in Sources */ = {isa = PBXBuildFile; fileRef = 27F2BFC31F505BE1002BDD22 /* AppDelegate.swift */; };
		27F2BFC61F505BE1002BDD22 /* ViewController.swift in Sources */ = {isa = PBXBuildFile; fileRef = 27F2BFC51F505BE1002BDD22 /* ViewController.swift */; };
		27F2BFC91F505BE1002BDD22 /* Main.storyboard in Resources */ = {isa = PBXBuildFile; fileRef = 27F2BFC71F505BE1002BDD22 /* Main.storyboard */; };
		27F2BFCB1F505BE1002BDD22 /* Assets.xcassets in Resources */ = {isa = PBXBuildFile; fileRef = 27F2BFCA1F505BE1002BDD22 /* Assets.xcassets */; };
		27F2BFCE1F505BE1002BDD22 /* LaunchScreen.storyboard in Resources */ = {isa = PBXBuildFile; fileRef = 27F2BFCC1F505BE1002BDD22 /* LaunchScreen.storyboard */; };
/* End PBXBuildFile section */

/* Begin PBXFileReference section */
		27F2BFC01F505BE1002BDD22 /* Dev_Profiles.app */ = {isa = PBXFileReference; explicitFileType = wrapper.application; includeInIndex = 0; path = Dev_Profiles.app; sourceTree = BUILT_PRODUCTS_DIR; };
		27F2BFC31F505BE1002BDD22 /* AppDelegate.swift */ = {isa = PBXFileReference; lastKnownFileType = sourcecode.swift; path = AppDelegate.swift; sourceTree = "<group>"; };
		27F2BFC51F505BE1002BDD22 /* ViewController.swift */ = {isa = PBXFileReference; lastKnownFileType = sourcecode.swift; path = ViewController.swift; sourceTree = "<group>"; };
		27F2BFC81F505BE1002BDD22 /* Base */ = {isa = PBXFileReference; lastKnownFileType = file.storyboard; name = Base; path = Base.lproj/Main.storyboard; sourceTree = "<group>"; };
		27F2BFCA1F505BE1002BDD22 /* Assets.xcassets */ = {isa = PBXFileReference; lastKnownFileType = folder.assetcatalog; path = Assets.xcassets; sourceTree = "<group>"; };
		27F2BFCD1F505BE1002BDD22 /* Base */ = {isa = PBXFileReference; lastKnownFileType = file.storyboard; name = Base; path = Base.lproj/LaunchScreen.storyboard; sourceTree = "<group>"; };
		27F2BFCF1F505BE1002BDD22 /* Info.plist */ = {isa = PBXFileReference; lastKnownFileType = text.plist.xml; path = Info.plist; sourceTree = "<group>"; };
/* End PBXFileReference section */

/* Begin PBXFrameworksBuildPhase section */
		27F2BFBD1F505BE1002BDD22 /* Frameworks */ = {
			isa = PBXFrameworksBuildPhase;
			buildActionMask = 2147483647;
			files = (
			);
			runOnlyForDeploymentPostprocessing = 0;
		};
/* End PBXFrameworksBuildPhase section */

/* Begin PBXGroup section */
		27F2BFB71F505BE1002BDD22 = {
			isa = PBXGroup;
			children = (
				27F2BFC21F505BE1002BDD22 /* Dev_Profiles */,
				27F2BFC11F505BE1002BDD22 /* Products */,
			);
			sourceTree = "<group>";
		};
		27F2BFC11F505BE1002BDD22 /* Products */ = {
			isa = PBXGroup;
			children = (
				27F2BFC01F505BE1002BDD22 /* Dev_Profiles.app */,
			);
			name = Products;
			sourceTree = "<group>";
		};
		27F2BFC21F505BE1002BDD22 /* Dev_Profiles */ = {
			isa = PBXGroup;
			children = (
				27F2BFC31F505BE1002BDD22 /* AppDelegate.swift */,
				27F2BFC51F505BE1002BDD22 /* ViewController.swift */,
				27F2BFC71F505BE1002BDD22 /* Main.storyboard */,
				27F2BFCA1F505BE1002BDD22 /* Assets.xcassets */,
				27F2BFCC1F505BE1002BDD22 /* LaunchScreen.storyboard */,
				27F2BFCF1F505BE1002BDD22 /* Info.plist */,
			);
			path = Dev_Profiles;
			sourceTree = "<group>";
		};
/* End PBXGroup section */

/* Begin PBXNativeTarget section */
		27F2BFBF1F505BE1002BDD22 /* Dev_Profiles */ = {
			isa = PBXNativeTarget;
			buildConfigurationList = 27F2BFD21F505BE1002BDD22 /* Build configuration list for PBXNativeTarget "Dev_Profiles" */;
			buildPhases = (
				27F2BFBC1F505BE1002BDD22 /* Sources */,
				27F2BFBD1F505BE1002BDD22 /* Frameworks */,
				27F2BFBE1F505BE1002BDD22 /* Resources */,
			);
			buildRules = (
			);
			dependencies = (
			);
			name = Dev_Profiles;
			productName = Dev_Profiles;
			productReference = 27F2BFC01F505BE1002BDD22 /* Dev_Profiles.app */;
			productType = "com.apple.product-type.application";
		};
/* End PBXNativeTarget section */

/* Begin PBXProject section */
		27F2BFB81F505BE1002BDD22 /* Project object */ = {
			isa = PBXProject;
			attributes = {
				LastSwiftUpdateCheck = 0900;
				LastUpgradeCheck = 0900;
				ORGANIZATIONNAME = "Jetpack Unicorn";
				TargetAttributes = {
					27F2BFBF1F505BE1002BDD22 = {
						CreatedOnToolsVersion = 9.0;
					};
				};
			};
			buildConfigurationList = 27F2BFBB1F505BE1002BDD22 /* Build configuration list for PBXProject "Dev_Profiles" */;
			compatibilityVersion = "Xcode 8.0";
			developmentRegion = en;
			hasScannedForEncodings = 0;
			knownRegions = (
				en,
				Base,
			);
			mainGroup = 27F2BFB71F505BE1002BDD22;
			productRefGroup = 27F2BFC11F505BE1002BDD22 /* Products */;
			projectDirPath = "";
			projectRoot = "";
			targets = (
				27F2BFBF1F505BE1002BDD22 /* Dev_Profiles */,
			);
		};
/* End PBXProject section */

/* Begin PBXResourcesBuildPhase section */
		27F2BFBE1F505BE1002BDD22 /* Resources */ = {
			isa = PBXResourcesBuildPhase;
			buildActionMask = 2147483647;
			files = (
				27F2BFCE1F505BE1002BDD22 /* LaunchScreen.storyboard in Resources */,
				27F2BFCB1F505BE1002BDD22 /* Assets.xcassets in Resources */,
				27F2BFC91F505BE1002BDD22 /* Main.storyboard in Resources */,
			);
			runOnlyForDeploymentPostprocessing = 0;
		};
/* End PBXResourcesBuildPhase section */

/* Begin PBXSourcesBuildPhase section */
		27F2BFBC1F505BE1002BDD22 /* Sources */ = {
			isa = PBXSourcesBuildPhase;
			buildActionMask = 2147483647;
			files = (
				27F2BFC61F505BE1002BDD22 /* ViewController.swift in Sources */,
				27F2BFC41F505BE1002BDD22 /* AppDelegate.swift in Sources */,
			);
			runOnlyForDeploymentPostprocessing = 0;
		};
/* End PBXSourcesBuildPhase section */

/* Begin PBXVariantGroup section */
		27F2BFC71F505BE1002BDD22 /* Main.storyboard */ = {
			isa = PBXVariantGroup;
			children = (
				27F2BFC81F505BE1002BDD22 /* Base */,
			);
			name = Main.storyboard;
			sourceTree = "<group>";
		};
		27F2BFCC1F505BE1002BDD22 /* LaunchScreen.storyboard */ = {
			isa = PBXVariantGroup;
			children = (
				27F2BFCD1F505BE1002BDD22 /* Base */,
			);
			name = LaunchScreen.storyboard;
			sourceTree = "<group>";
		};
/* End PBXVariantGroup section */

/* Begin XCBuildConfiguration section */
		27F2BFD01F505BE1002BDD22 /* Debug */ = {
			isa = XCBuildConfiguration;
			buildSettings = {
				ALWAYS_SEARCH_USER_PATHS = NO;
				CLANG_ANALYZER_NONNULL = YES;
				CLANG_ANALYZER_NUMBER_OBJECT_CONVERSION = YES_AGGRESSIVE;
				CLANG_CXX_LANGUAGE_STANDARD = "gnu++14";
				CLANG_CXX_LIBRARY = "libc++";
				CLANG_ENABLE_MODULES = YES;
				CLANG_ENABLE_OBJC_ARC = YES;
				CLANG_WARN_BLOCK_CAPTURE_AUTORELEASING = YES;
				CLANG_WARN_BOOL_CONVERSION = YES;
				CLANG_WARN_COMMA = YES;
				CLANG_WARN_CONSTANT_CONVERSION = YES;
				CLANG_WARN_DIRECT_OBJC_ISA_USAGE = YES_ERROR;
				CLANG_WARN_DOCUMENTATION_COMMENTS = YES;
				CLANG_WARN_EMPTY_BODY = YES;
				CLANG_WARN_ENUM_CONVERSION = YES;
				CLANG_WARN_INFINITE_RECURSION = YES;
				CLANG_WARN_INT_CONVERSION = YES;
				CLANG_WARN_NON_LITERAL_NULL_CONVERSION = YES;
				CLANG_WARN_OBJC_LITERAL_CONVERSION = YES;
				CLANG_WARN_OBJC_ROOT_CLASS = YES_ERROR;
				CLANG_WARN_RANGE_LOOP_ANALYSIS = YES;
				CLANG_WARN_STRICT_PROTOTYPES = YES;
				CLANG_WARN_SUSPICIOUS_MOVE = YES;
				CLANG_WARN_UNGUARDED_AVAILABILITY = YES_AGGRESSIVE;
				CLANG_WARN_UNREACHABLE_CODE = YES;
				CLANG_WARN__DUPLICATE_METHOD_MATCH = YES;
				CODE_SIGN_IDENTITY = "iPhone Developer";
				COPY_PHASE_STRIP = NO;
				DEBUG_INFORMATION_FORMAT = dwarf;
				ENABLE_STRICT_OBJC_MSGSEND = YES;
				ENABLE_TESTABILITY = YES;
				GCC_C_LANGUAGE_STANDARD = gnu11;
				GCC_DYNAMIC_NO_PIC = NO;
				GCC_NO_COMMON_BLOCKS = YES;
				GCC_OPTIMIZATION_LEVEL = 0;
				GCC_PREPROCESSOR_DEFINITIONS = (
					"DEBUG=1",
					"$(inherited)",
				);
				GCC_WARN_64_TO_32_BIT_CONVERSION = YES;
				GCC_WARN_ABOUT_RETURN_TYPE = YES_ERROR;
				GCC_WARN_UNDECLARED_SELECTOR = YES;
				GCC_WARN_UNINITIALIZED_AUTOS = YES_AGGRESSIVE;
				GCC_WARN_UNUSED_FUNCTION = YES;
				GCC_WARN_UNUSED_VARIABLE = YES;
				IPHONEOS_DEPLOYMENT_TARGET = 11.0;
				MTL_ENABLE_DEBUG_INFO = YES;
				ONLY_ACTIVE_ARCH = YES;
				SDKROOT = iphoneos;
				SWIFT_ACTIVE_COMPILATION_CONDITIONS = DEBUG;
				SWIFT_OPTIMIZATION_LEVEL = "-Onone";
			};
			name = Debug;
		};
		27F2BFD11F505BE1002BDD22 /* Release */ = {
			isa = XCBuildConfiguration;
			buildSettings = {
				ALWAYS_SEARCH_USER_PATHS = NO;
				CLANG_ANALYZER_NONNULL = YES;
				CLANG_ANALYZER_NUMBER_OBJECT_CONVERSION = YES_AGGRESSIVE;
				CLANG_CXX_LANGUAGE_STANDARD = "gnu++14";
				CLANG_CXX_LIBRARY = "libc++";
				CLANG_ENABLE_MODULES = YES;
				CLANG_ENABLE_OBJC_ARC = YES;
				CLANG_WARN_BLOCK_CAPTURE_AUTORELEASING = YES;
				CLANG_WARN_BOOL_CONVERSION = YES;
				CLANG_WARN_COMMA = YES;
				CLANG_WARN_CONSTANT_CONVERSION = YES;
				CLANG_WARN_DIRECT_OBJC_ISA_USAGE = YES_ERROR;
				CLANG_WARN_DOCUMENTATION_COMMENTS = YES;
				CLANG_WARN_EMPTY_BODY = YES;
				CLANG_WARN_ENUM_CONVERSION = YES;
				CLANG_WARN_INFINITE_RECURSION = YES;
				CLANG_WARN_INT_CONVERSION = YES;
				CLANG_WARN_NON_LITERAL_NULL_CONVERSION = YES;
				CLANG_WARN_OBJC_LITERAL_CONVERSION = YES;
				CLANG_WARN_OBJC_ROOT_CLASS = YES_ERROR;
				CLANG_WARN_RANGE_LOOP_ANALYSIS = YES;
				CLANG_WARN_STRICT_PROTOTYPES = YES;
				CLANG_WARN_SUSPICIOUS_MOVE = YES;
				CLANG_WARN_UNGUARDED_AVAILABILITY = YES_AGGRESSIVE;
				CLANG_WARN_UNREACHABLE_CODE = YES;
				CLANG_WARN__DUPLICATE_METHOD_MATCH = YES;
				CODE_SIGN_IDENTITY = "iPhone Developer";
				COPY_PHASE_STRIP = NO;
				DEBUG_INFORMATION_FORMAT = "dwarf-with-dsym";
				ENABLE_NS_ASSERTIONS = NO;
				ENABLE_STRICT_OBJC_MSGSEND = YES;
				GCC_C_LANGUAGE_STANDARD = gnu11;
				GCC_NO_COMMON_BLOCKS = YES;
				GCC_WARN_64_TO_32_BIT_CONVERSION = YES;
				GCC_WARN_ABOUT_RETURN_TYPE = YES_ERROR;
				GCC_WARN_UNDECLARED_SELECTOR = YES;
				GCC_WARN_UNINITIALIZED_AUTOS = YES_AGGRESSIVE;
				GCC_WARN_UNUSED_FUNCTION = YES;
				GCC_WARN_UNUSED_VARIABLE = YES;
				IPHONEOS_DEPLOYMENT_TARGET = 11.0;
				MTL_ENABLE_DEBUG_INFO = NO;
				SDKROOT = iphoneos;
				SWIFT_OPTIMIZATION_LEVEL = "-Owholemodule";
				VALIDATE_PRODUCT = YES;
			};
			name = Release;
		};
		27F2BFD31F505BE1002BDD22 /* Debug */ = {
			isa = XCBuildConfiguration;
			buildSettings = {
				ASSETCATALOG_COMPILER_APPICON_NAME = AppIcon;
				DEVELOPMENT_TEAM = 7BXZXT7P5D;
				INFOPLIST_FILE = Dev_Profiles/Info.plist;
				LD_RUNPATH_SEARCH_PATHS = "$(inherited) @executable_path/Frameworks";
				PRODUCT_BUNDLE_IDENTIFIER = "self.edu.vpaul.Dev-Profiles";
				PRODUCT_NAME = "$(TARGET_NAME)";
				SWIFT_VERSION = 4.0;
				TARGETED_DEVICE_FAMILY = "1,2";
			};
			name = Debug;
		};
		27F2BFD41F505BE1002BDD22 /* Release */ = {
			isa = XCBuildConfiguration;
			buildSettings = {
				ASSETCATALOG_COMPILER_APPICON_NAME = AppIcon;
				DEVELOPMENT_TEAM = 7BXZXT7P5D;
				INFOPLIST_FILE = Dev_Profiles/Info.plist;
				LD_RUNPATH_SEARCH_PATHS = "$(inherited) @executable_path/Frameworks";
				PRODUCT_BUNDLE_IDENTIFIER = "self.edu.vpaul.Dev-Profiles";
				PRODUCT_NAME = "$(TARGET_NAME)";
				SWIFT_VERSION = 4.0;
				TARGETED_DEVICE_FAMILY = "1,2";
			};
			name = Release;
		};
/* End XCBuildConfiguration section */

/* Begin XCConfigurationList section */
		27F2BFBB1F505BE1002BDD22 /* Build configuration list for PBXProject "Dev_Profiles" */ = {
			isa = XCConfigurationList;
			buildConfigurations = (
				27F2BFD01F505BE1002BDD22 /* Debug */,
				27F2BFD11F505BE1002BDD22 /* Release */,
			);
			defaultConfigurationIsVisible = 0;
			defaultConfigurationName = Release;
		};
		27F2BFD21F505BE1002BDD22 /* Build configuration list for PBXNativeTarget "Dev_Profiles" */ = {
			isa = XCConfigurationList;
			buildConfigurations = (
				27F2BFD31F505BE1002BDD22 /* Debug */,
				27F2BFD41F505BE1002BDD22 /* Release */,
			);
			defaultConfigurationIsVisible = 0;
			defaultConfigurationName = Release;
		};
/* End XCConfigurationList section */
	};
	rootObject = 27F2BFB81F505BE1002BDD22 /* Project object */;
}
